{
  "originHash" : "69834ba1b9bdf2c5a8bc7b1ccbdc4c8203a468f89130285ea9b6b7d8068755e6",
  "pins" : [
    {
      "identity" : "miniaudio",
      "kind" : "remoteSourceControl",
      "location" : "https://github.com/easeaico/MiniAudio.git",
      "state" : {
        "branch" : "main",
        "revision" : "4646920768bdde698a3b9a5568a3f800b68f88db"
      }
    },
    {
      "identity" : "openai",
      "kind" : "remoteSourceControl",
      "location" : "https://github.com/MacPaw/OpenAI.git",
      "state" : {
        "branch" : "main",
        "revision" : "fd13a41e987004d14f1793c570721953a2767b03"
      }
    },
    {
      "identity" : "swift-log",
      "kind" : "remoteSourceControl",
      "location" : "https://github.com/apple/swift-log.git",
      "state" : {
        "revision" : "9cb486020ebf03bfa5b5df985387a14a98744537",
        "version" : "1.6.1"
      }
    },
    {
      "identity" : "tomlkit",
      "kind" : "remoteSourceControl",
      "location" : "https://github.com/LebJe/TOMLKit.git",
      "state" : {
        "revision" : "ec6198d37d495efc6acd4dffbd262cdca7ff9b3f",
        "version" : "0.6.0"
      }
    }
  ],
  "version" : 3
}
