{
  "originHash" : "b1f0caa1c77ccff02f31ce8cb8bda08c5b0e5dcb6132732b5ebd794b2089ff4d",
  "pins" : [
    {
      "identity" : "miniaudio",
      "kind" : "remoteSourceControl",
      "location" : "https://github.com/easeaico/MiniAudio.git",
      "state" : {
        "branch" : "main",
        "revision" : "5ae2615c4169fbc6998fd0665fe1ee65365cb99c"
      }
    },
    {
      "identity" : "openai",
      "kind" : "remoteSourceControl",
      "location" : "https://github.com/MacPaw/OpenAI.git",
      "state" : {
        "branch" : "main",
        "revision" : "fd13a41e987004d14f1793c570721953a2767b03"
      }
    },
    {
      "identity" : "swift-log",
      "kind" : "remoteSourceControl",
      "location" : "https://github.com/apple/swift-log.git",
      "state" : {
        "revision" : "e97a6fcb1ab07462881ac165fdbb37f067e205d5",
        "version" : "1.5.4"
      }
    },
    {
      "identity" : "swiftygpio",
      "kind" : "remoteSourceControl",
      "location" : "https://github.com/uraimo/SwiftyGPIO.git",
      "state" : {
        "revision" : "b86215de6ecde8e6649590978164a5532ef7a975",
        "version" : "1.4.4"
      }
    },
    {
      "identity" : "tomlkit",
      "kind" : "remoteSourceControl",
      "location" : "https://github.com/LebJe/TOMLKit.git",
      "state" : {
        "revision" : "ec6198d37d495efc6acd4dffbd262cdca7ff9b3f",
        "version" : "0.6.0"
      }
    }
  ],
  "version" : 3
}
